
Microsoft Visual Studio Solution File, Format Version 12.00
# Visual Studio 2013
VisualStudioVersion = 12.0.21005.1
MinimumVisualStudioVersion = 10.0.40219.1
Project("{FAE04EC0-301F-11D3-BF4B-00C04F79EFBC}") = "DbAccessFramework", "DbAccessFramework\DbAccessFramework.csproj", "{B4E17F76-5721-4F2B-BEF8-572273D5CEC5}"
EndProject
Project("{FAE04EC0-301F-11D3-BF4B-00C04F79EFBC}") = "XmlOption", "XmlOption\XmlOption.csproj", "{05DFDC24-D732-405A-B4E7-0A1221919572}"
EndProject
Global
	GlobalSection(SolutionConfigurationPlatforms) = preSolution
		Debug|Any CPU = Debug|Any CPU
		Release|Any CPU = Release|Any CPU
	EndGlobalSection
	GlobalSection(ProjectConfigurationPlatforms) = postSolution
		{B4E17F76-5721-4F2B-BEF8-572273D5CEC5}.Debug|Any CPU.ActiveCfg = Debug|Any CPU
		{B4E17F76-5721-4F2B-BEF8-572273D5CEC5}.Debug|Any CPU.Build.0 = Debug|Any CPU
		{B4E17F76-5721-4F2B-BEF8-572273D5CEC5}.Release|Any CPU.ActiveCfg = Release|Any CPU
		{B4E17F76-5721-4F2B-BEF8-572273D5CEC5}.Release|Any CPU.Build.0 = Release|Any CPU
		{05DFDC24-D732-405A-B4E7-0A1221919572}.Debug|Any CPU.ActiveCfg = Debug|Any CPU
		{05DFDC24-D732-405A-B4E7-0A1221919572}.Debug|Any CPU.Build.0 = Debug|Any CPU
		{05DFDC24-D732-405A-B4E7-0A1221919572}.Release|Any CPU.ActiveCfg = Release|Any CPU
		{05DFDC24-D732-405A-B4E7-0A1221919572}.Release|Any CPU.Build.0 = Release|Any CPU
	EndGlobalSection
	GlobalSection(SolutionProperties) = preSolution
		HideSolutionNode = FALSE
	EndGlobalSection
EndGlobal
